// !$*UTF8*$!
{
	archiveVersion = 1;
	classes = {
	};
	objectVersion = 46;
	objects = {

/* Begin PBXBuildFile section */
		4709FDC71FEC0B590036DA69 /* AppDelegate.swift in Sources */ = {isa = PBXBuildFile; fileRef = 4709FDC61FEC0B590036DA69 /* AppDelegate.swift */; };
		4709FDC91FEC0B590036DA69 /* ViewController.swift in Sources */ = {isa = PBXBuildFile; fileRef = 4709FDC81FEC0B590036DA69 /* ViewController.swift */; };
		4709FDCC1FEC0B590036DA69 /* Main.storyboard in Resources */ = {isa = PBXBuildFile; fileRef = 4709FDCA1FEC0B590036DA69 /* Main.storyboard */; };
		4709FDCE1FEC0B590036DA69 /* Assets.xcassets in Resources */ = {isa = PBXBuildFile; fileRef = 4709FDCD1FEC0B590036DA69 /* Assets.xcassets */; };
		4709FDD11FEC0B590036DA69 /* LaunchScreen.storyboard in Resources */ = {isa = PBXBuildFile; fileRef = 4709FDCF1FEC0B590036DA69 /* LaunchScreen.storyboard */; };
		4709FDDC1FEC0B590036DA69 /* localAPIParsingDemoTests.swift in Sources */ = {isa = PBXBuildFile; fileRef = 4709FDDB1FEC0B590036DA69 /* localAPIParsingDemoTests.swift */; };
		4709FDE71FEC0B5A0036DA69 /* localAPIParsingDemoUITests.swift in Sources */ = {isa = PBXBuildFile; fileRef = 4709FDE61FEC0B5A0036DA69 /* localAPIParsingDemoUITests.swift */; };
		4709FDF51FEC0B6E0036DA69 /* userAPIt.txt in Resources */ = {isa = PBXBuildFile; fileRef = 4709FDF41FEC0B6E0036DA69 /* userAPIt.txt */; };
		4787478F1FECC97A00784F9D /* contactAPI.txt in Resources */ = {isa = PBXBuildFile; fileRef = 4787478E1FECC97A00784F9D /* contactAPI.txt */; };
		478747911FECCD9B00784F9D /* colorAPI.txt in Resources */ = {isa = PBXBuildFile; fileRef = 478747901FECCD9B00784F9D /* colorAPI.txt */; };
		478747931FECCFEA00784F9D /* randomuserAPI.txt in Resources */ = {isa = PBXBuildFile; fileRef = 478747921FECCFEA00784F9D /* randomuserAPI.txt */; };
		478747951FECD2DF00784F9D /* blogAPI.txt in Resources */ = {isa = PBXBuildFile; fileRef = 478747941FECD2DF00784F9D /* blogAPI.txt */; };
		478747991FECDBDF00784F9D /* expertAPI.txt in Resources */ = {isa = PBXBuildFile; fileRef = 478747981FECDBDF00784F9D /* expertAPI.txt */; };
		4787479B1FECDD6E00784F9D /* languageAPI.txt in Resources */ = {isa = PBXBuildFile; fileRef = 4787479A1FECDD6E00784F9D /* languageAPI.txt */; };
		4787479D1FECE22300784F9D /* officeAPI.txt in Resources */ = {isa = PBXBuildFile; fileRef = 4787479C1FECE22300784F9D /* officeAPI.txt */; };
		4787479F1FECE5DB00784F9D /* dayAPI.txt in Resources */ = {isa = PBXBuildFile; fileRef = 4787479E1FECE5DB00784F9D /* dayAPI.txt */; };
		478747A11FECE9FA00784F9D /* usersdataAPI.txt in Resources */ = {isa = PBXBuildFile; fileRef = 478747A01FECE9FA00784F9D /* usersdataAPI.txt */; };
		478747A31FECEBC400784F9D /* areaAPI.txt in Resources */ = {isa = PBXBuildFile; fileRef = 478747A21FECEBC400784F9D /* areaAPI.txt */; };
		478747A51FECECCC00784F9D /* postsAPI.txt in Resources */ = {isa = PBXBuildFile; fileRef = 478747A41FECECCC00784F9D /* postsAPI.txt */; };
		478747A71FECEF1F00784F9D /* productAPI.txt in Resources */ = {isa = PBXBuildFile; fileRef = 478747A61FECEF1F00784F9D /* productAPI.txt */; };
/* End PBXBuildFile section */

/* Begin PBXContainerItemProxy section */
		4709FDD81FEC0B590036DA69 /* PBXContainerItemProxy */ = {
			isa = PBXContainerItemProxy;
			containerPortal = 4709FDBB1FEC0B590036DA69 /* Project object */;
			proxyType = 1;
			remoteGlobalIDString = 4709FDC21FEC0B590036DA69;
			remoteInfo = localAPIParsingDemo;
		};
		4709FDE31FEC0B590036DA69 /* PBXContainerItemProxy */ = {
			isa = PBXContainerItemProxy;
			containerPortal = 4709FDBB1FEC0B590036DA69 /* Project object */;
			proxyType = 1;
			remoteGlobalIDString = 4709FDC21FEC0B590036DA69;
			remoteInfo = localAPIParsingDemo;
		};
/* End PBXContainerItemProxy section */

/* Begin PBXFileReference section */
		4709FDC31FEC0B590036DA69 /* localAPIParsingDemo.app */ = {isa = PBXFileReference; explicitFileType = wrapper.application; includeInIndex = 0; path = localAPIParsingDemo.app; sourceTree = BUILT_PRODUCTS_DIR; };
		4709FDC61FEC0B590036DA69 /* AppDelegate.swift */ = {isa = PBXFileReference; lastKnownFileType = sourcecode.swift; path = AppDelegate.swift; sourceTree = "<group>"; };
		4709FDC81FEC0B590036DA69 /* ViewController.swift */ = {isa = PBXFileReference; lastKnownFileType = sourcecode.swift; path = ViewController.swift; sourceTree = "<group>"; };
		4709FDCB1FEC0B590036DA69 /* Base */ = {isa = PBXFileReference; lastKnownFileType = file.storyboard; name = Base; path = Base.lproj/Main.storyboard; sourceTree = "<group>"; };
		4709FDCD1FEC0B590036DA69 /* Assets.xcassets */ = {isa = PBXFileReference; lastKnownFileType = folder.assetcatalog; path = Assets.xcassets; sourceTree = "<group>"; };
		4709FDD01FEC0B590036DA69 /* Base */ = {isa = PBXFileReference; lastKnownFileType = file.storyboard; name = Base; path = Base.lproj/LaunchScreen.storyboard; sourceTree = "<group>"; };
		4709FDD21FEC0B590036DA69 /* Info.plist */ = {isa = PBXFileReference; lastKnownFileType = text.plist.xml; path = Info.plist; sourceTree = "<group>"; };
		4709FDD71FEC0B590036DA69 /* localAPIParsingDemoTests.xctest */ = {isa = PBXFileReference; explicitFileType = wrapper.cfbundle; includeInIndex = 0; path = localAPIParsingDemoTests.xctest; sourceTree = BUILT_PRODUCTS_DIR; };
		4709FDDB1FEC0B590036DA69 /* localAPIParsingDemoTests.swift */ = {isa = PBXFileReference; lastKnownFileType = sourcecode.swift; path = localAPIParsingDemoTests.swift; sourceTree = "<group>"; };
		4709FDDD1FEC0B590036DA69 /* Info.plist */ = {isa = PBXFileReference; lastKnownFileType = text.plist.xml; path = Info.plist; sourceTree = "<group>"; };
		4709FDE21FEC0B590036DA69 /* localAPIParsingDemoUITests.xctest */ = {isa = PBXFileReference; explicitFileType = wrapper.cfbundle; includeInIndex = 0; path = localAPIParsingDemoUITests.xctest; sourceTree = BUILT_PRODUCTS_DIR; };
		4709FDE61FEC0B5A0036DA69 /* localAPIParsingDemoUITests.swift */ = {isa = PBXFileReference; lastKnownFileType = sourcecode.swift; path = localAPIParsingDemoUITests.swift; sourceTree = "<group>"; };
		4709FDE81FEC0B5A0036DA69 /* Info.plist */ = {isa = PBXFileReference; lastKnownFileType = text.plist.xml; path = Info.plist; sourceTree = "<group>"; };
		4709FDF41FEC0B6E0036DA69 /* userAPIt.txt */ = {isa = PBXFileReference; fileEncoding = 4; lastKnownFileType = text; path = userAPIt.txt; sourceTree = "<group>"; };
		4787478E1FECC97A00784F9D /* contactAPI.txt */ = {isa = PBXFileReference; fileEncoding = 4; lastKnownFileType = text; path = contactAPI.txt; sourceTree = "<group>"; };
		478747901FECCD9B00784F9D /* colorAPI.txt */ = {isa = PBXFileReference; fileEncoding = 4; lastKnownFileType = text; path = colorAPI.txt; sourceTree = "<group>"; };
		478747921FECCFEA00784F9D /* randomuserAPI.txt */ = {isa = PBXFileReference; fileEncoding = 4; lastKnownFileType = text; path = randomuserAPI.txt; sourceTree = "<group>"; };
		478747941FECD2DF00784F9D /* blogAPI.txt */ = {isa = PBXFileReference; fileEncoding = 4; lastKnownFileType = text; path = blogAPI.txt; sourceTree = "<group>"; };
		478747981FECDBDF00784F9D /* expertAPI.txt */ = {isa = PBXFileReference; fileEncoding = 4; lastKnownFileType = text; path = expertAPI.txt; sourceTree = "<group>"; };
		4787479A1FECDD6E00784F9D /* languageAPI.txt */ = {isa = PBXFileReference; fileEncoding = 4; lastKnownFileType = text; path = languageAPI.txt; sourceTree = "<group>"; };
		4787479C1FECE22300784F9D /* officeAPI.txt */ = {isa = PBXFileReference; fileEncoding = 4; lastKnownFileType = text; path = officeAPI.txt; sourceTree = "<group>"; };
		4787479E1FECE5DB00784F9D /* dayAPI.txt */ = {isa = PBXFileReference; fileEncoding = 4; lastKnownFileType = text; path = dayAPI.txt; sourceTree = "<group>"; };
		478747A01FECE9FA00784F9D /* usersdataAPI.txt */ = {isa = PBXFileReference; fileEncoding = 4; lastKnownFileType = text; path = usersdataAPI.txt; sourceTree = "<group>"; };
		478747A21FECEBC400784F9D /* areaAPI.txt */ = {isa = PBXFileReference; fileEncoding = 4; lastKnownFileType = text; path = areaAPI.txt; sourceTree = "<group>"; };
		478747A41FECECCC00784F9D /* postsAPI.txt */ = {isa = PBXFileReference; fileEncoding = 4; lastKnownFileType = text; path = postsAPI.txt; sourceTree = "<group>"; };
		478747A61FECEF1F00784F9D /* productAPI.txt */ = {isa = PBXFileReference; fileEncoding = 4; lastKnownFileType = text; path = productAPI.txt; sourceTree = "<group>"; };
/* End PBXFileReference section */

/* Begin PBXFrameworksBuildPhase section */
		4709FDC01FEC0B590036DA69 /* Frameworks */ = {
			isa = PBXFrameworksBuildPhase;
			buildActionMask = 2147483647;
			files = (
			);
			runOnlyForDeploymentPostprocessing = 0;
		};
		4709FDD41FEC0B590036DA69 /* Frameworks */ = {
			isa = PBXFrameworksBuildPhase;
			buildActionMask = 2147483647;
			files = (
			);
			runOnlyForDeploymentPostprocessing = 0;
		};
		4709FDDF1FEC0B590036DA69 /* Frameworks */ = {
			isa = PBXFrameworksBuildPhase;
			buildActionMask = 2147483647;
			files = (
			);
			runOnlyForDeploymentPostprocessing = 0;
		};
/* End PBXFrameworksBuildPhase section */

/* Begin PBXGroup section */
		4709FDBA1FEC0B580036DA69 = {
			isa = PBXGroup;
			children = (
				4709FDC51FEC0B590036DA69 /* localAPIParsingDemo */,
				4709FDDA1FEC0B590036DA69 /* localAPIParsingDemoTests */,
				4709FDE51FEC0B5A0036DA69 /* localAPIParsingDemoUITests */,
				4709FDC41FEC0B590036DA69 /* Products */,
			);
			sourceTree = "<group>";
		};
		4709FDC41FEC0B590036DA69 /* Products */ = {
			isa = PBXGroup;
			children = (
				4709FDC31FEC0B590036DA69 /* localAPIParsingDemo.app */,
				4709FDD71FEC0B590036DA69 /* localAPIParsingDemoTests.xctest */,
				4709FDE21FEC0B590036DA69 /* localAPIParsingDemoUITests.xctest */,
			);
			name = Products;
			sourceTree = "<group>";
		};
		4709FDC51FEC0B590036DA69 /* localAPIParsingDemo */ = {
			isa = PBXGroup;
			children = (
				4709FDF41FEC0B6E0036DA69 /* userAPIt.txt */,
				4787478E1FECC97A00784F9D /* contactAPI.txt */,
				478747941FECD2DF00784F9D /* blogAPI.txt */,
				478747A61FECEF1F00784F9D /* productAPI.txt */,
				478747901FECCD9B00784F9D /* colorAPI.txt */,
				478747A41FECECCC00784F9D /* postsAPI.txt */,
				478747981FECDBDF00784F9D /* expertAPI.txt */,
				4787479E1FECE5DB00784F9D /* dayAPI.txt */,
				478747A21FECEBC400784F9D /* areaAPI.txt */,
				478747A01FECE9FA00784F9D /* usersdataAPI.txt */,
				478747921FECCFEA00784F9D /* randomuserAPI.txt */,
				4787479A1FECDD6E00784F9D /* languageAPI.txt */,
				4787479C1FECE22300784F9D /* officeAPI.txt */,
				4709FDC61FEC0B590036DA69 /* AppDelegate.swift */,
				4709FDC81FEC0B590036DA69 /* ViewController.swift */,
				4709FDCA1FEC0B590036DA69 /* Main.storyboard */,
				4709FDCD1FEC0B590036DA69 /* Assets.xcassets */,
				4709FDCF1FEC0B590036DA69 /* LaunchScreen.storyboard */,
				4709FDD21FEC0B590036DA69 /* Info.plist */,
			);
			path = localAPIParsingDemo;
			sourceTree = "<group>";
		};
		4709FDDA1FEC0B590036DA69 /* localAPIParsingDemoTests */ = {
			isa = PBXGroup;
			children = (
				4709FDDB1FEC0B590036DA69 /* localAPIParsingDemoTests.swift */,
				4709FDDD1FEC0B590036DA69 /* Info.plist */,
			);
			path = localAPIParsingDemoTests;
			sourceTree = "<group>";
		};
		4709FDE51FEC0B5A0036DA69 /* localAPIParsingDemoUITests */ = {
			isa = PBXGroup;
			children = (
				4709FDE61FEC0B5A0036DA69 /* localAPIParsingDemoUITests.swift */,
				4709FDE81FEC0B5A0036DA69 /* Info.plist */,
			);
			path = localAPIParsingDemoUITests;
			sourceTree = "<group>";
		};
/* End PBXGroup section */

/* Begin PBXNativeTarget section */
		4709FDC21FEC0B590036DA69 /* localAPIParsingDemo */ = {
			isa = PBXNativeTarget;
			buildConfigurationList = 4709FDEB1FEC0B5A0036DA69 /* Build configuration list for PBXNativeTarget "localAPIParsingDemo" */;
			buildPhases = (
				4709FDBF1FEC0B590036DA69 /* Sources */,
				4709FDC01FEC0B590036DA69 /* Frameworks */,
				4709FDC11FEC0B590036DA69 /* Resources */,
			);
			buildRules = (
			);
			dependencies = (
			);
			name = localAPIParsingDemo;
			productName = localAPIParsingDemo;
			productReference = 4709FDC31FEC0B590036DA69 /* localAPIParsingDemo.app */;
			productType = "com.apple.product-type.application";
		};
		4709FDD61FEC0B590036DA69 /* localAPIParsingDemoTests */ = {
			isa = PBXNativeTarget;
			buildConfigurationList = 4709FDEE1FEC0B5A0036DA69 /* Build configuration list for PBXNativeTarget "localAPIParsingDemoTests" */;
			buildPhases = (
				4709FDD31FEC0B590036DA69 /* Sources */,
				4709FDD41FEC0B590036DA69 /* Frameworks */,
				4709FDD51FEC0B590036DA69 /* Resources */,
			);
			buildRules = (
			);
			dependencies = (
				4709FDD91FEC0B590036DA69 /* PBXTargetDependency */,
			);
			name = localAPIParsingDemoTests;
			productName = localAPIParsingDemoTests;
			productReference = 4709FDD71FEC0B590036DA69 /* localAPIParsingDemoTests.xctest */;
			productType = "com.apple.product-type.bundle.unit-test";
		};
		4709FDE11FEC0B590036DA69 /* localAPIParsingDemoUITests */ = {
			isa = PBXNativeTarget;
			buildConfigurationList = 4709FDF11FEC0B5A0036DA69 /* Build configuration list for PBXNativeTarget "localAPIParsingDemoUITests" */;
			buildPhases = (
				4709FDDE1FEC0B590036DA69 /* Sources */,
				4709FDDF1FEC0B590036DA69 /* Frameworks */,
				4709FDE01FEC0B590036DA69 /* Resources */,
			);
			buildRules = (
			);
			dependencies = (
				4709FDE41FEC0B590036DA69 /* PBXTargetDependency */,
			);
			name = localAPIParsingDemoUITests;
			productName = localAPIParsingDemoUITests;
			productReference = 4709FDE21FEC0B590036DA69 /* localAPIParsingDemoUITests.xctest */;
			productType = "com.apple.product-type.bundle.ui-testing";
		};
/* End PBXNativeTarget section */

/* Begin PBXProject section */
		4709FDBB1FEC0B590036DA69 /* Project object */ = {
			isa = PBXProject;
			attributes = {
				LastSwiftUpdateCheck = 0820;
				LastUpgradeCheck = 0820;
				ORGANIZATIONNAME = Asmita;
				TargetAttributes = {
					4709FDC21FEC0B590036DA69 = {
						CreatedOnToolsVersion = 8.2.1;
						ProvisioningStyle = Automatic;
					};
					4709FDD61FEC0B590036DA69 = {
						CreatedOnToolsVersion = 8.2.1;
						ProvisioningStyle = Automatic;
						TestTargetID = 4709FDC21FEC0B590036DA69;
					};
					4709FDE11FEC0B590036DA69 = {
						CreatedOnToolsVersion = 8.2.1;
						ProvisioningStyle = Automatic;
						TestTargetID = 4709FDC21FEC0B590036DA69;
					};
				};
			};
			buildConfigurationList = 4709FDBE1FEC0B590036DA69 /* Build configuration list for PBXProject "localAPIParsingDemo" */;
			compatibilityVersion = "Xcode 3.2";
			developmentRegion = English;
			hasScannedForEncodings = 0;
			knownRegions = (
				en,
				Base,
			);
			mainGroup = 4709FDBA1FEC0B580036DA69;
			productRefGroup = 4709FDC41FEC0B590036DA69 /* Products */;
			projectDirPath = "";
			projectRoot = "";
			targets = (
				4709FDC21FEC0B590036DA69 /* localAPIParsingDemo */,
				4709FDD61FEC0B590036DA69 /* localAPIParsingDemoTests */,
				4709FDE11FEC0B590036DA69 /* localAPIParsingDemoUITests */,
			);
		};
/* End PBXProject section */

/* Begin PBXResourcesBuildPhase section */
		4709FDC11FEC0B590036DA69 /* Resources */ = {
			isa = PBXResourcesBuildPhase;
			buildActionMask = 2147483647;
			files = (
				478747A51FECECCC00784F9D /* postsAPI.txt in Resources */,
				4709FDD11FEC0B590036DA69 /* LaunchScreen.storyboard in Resources */,
				4787479D1FECE22300784F9D /* officeAPI.txt in Resources */,
				4787479B1FECDD6E00784F9D /* languageAPI.txt in Resources */,
				478747911FECCD9B00784F9D /* colorAPI.txt in Resources */,
				4709FDCE1FEC0B590036DA69 /* Assets.xcassets in Resources */,
				4709FDCC1FEC0B590036DA69 /* Main.storyboard in Resources */,
				478747A71FECEF1F00784F9D /* productAPI.txt in Resources */,
				478747A31FECEBC400784F9D /* areaAPI.txt in Resources */,
				4709FDF51FEC0B6E0036DA69 /* userAPIt.txt in Resources */,
				478747991FECDBDF00784F9D /* expertAPI.txt in Resources */,
				4787479F1FECE5DB00784F9D /* dayAPI.txt in Resources */,
				4787478F1FECC97A00784F9D /* contactAPI.txt in Resources */,
				478747931FECCFEA00784F9D /* randomuserAPI.txt in Resources */,
				478747951FECD2DF00784F9D /* blogAPI.txt in Resources */,
				478747A11FECE9FA00784F9D /* usersdataAPI.txt in Resources */,
			);
			runOnlyForDeploymentPostprocessing = 0;
		};
		4709FDD51FEC0B590036DA69 /* Resources */ = {
			isa = PBXResourcesBuildPhase;
			buildActionMask = 2147483647;
			files = (
			);
			runOnlyForDeploymentPostprocessing = 0;
		};
		4709FDE01FEC0B590036DA69 /* Resources */ = {
			isa = PBXResourcesBuildPhase;
			buildActionMask = 2147483647;
			files = (
			);
			runOnlyForDeploymentPostprocessing = 0;
		};
/* End PBXResourcesBuildPhase section */

/* Begin PBXSourcesBuildPhase section */
		4709FDBF1FEC0B590036DA69 /* Sources */ = {
			isa = PBXSourcesBuildPhase;
			buildActionMask = 2147483647;
			files = (
				4709FDC91FEC0B590036DA69 /* ViewController.swift in Sources */,
				4709FDC71FEC0B590036DA69 /* AppDelegate.swift in Sources */,
			);
			runOnlyForDeploymentPostprocessing = 0;
		};
		4709FDD31FEC0B590036DA69 /* Sources */ = {
			isa = PBXSourcesBuildPhase;
			buildActionMask = 2147483647;
			files = (
				4709FDDC1FEC0B590036DA69 /* localAPIParsingDemoTests.swift in Sources */,
			);
			runOnlyForDeploymentPostprocessing = 0;
		};
		4709FDDE1FEC0B590036DA69 /* Sources */ = {
			isa = PBXSourcesBuildPhase;
			buildActionMask = 2147483647;
			files = (
				4709FDE71FEC0B5A0036DA69 /* localAPIParsingDemoUITests.swift in Sources */,
			);
			runOnlyForDeploymentPostprocessing = 0;
		};
/* End PBXSourcesBuildPhase section */

/* Begin PBXTargetDependency section */
		4709FDD91FEC0B590036DA69 /* PBXTargetDependency */ = {
			isa = PBXTargetDependency;
			target = 4709FDC21FEC0B590036DA69 /* localAPIParsingDemo */;
			targetProxy = 4709FDD81FEC0B590036DA69 /* PBXContainerItemProxy */;
		};
		4709FDE41FEC0B590036DA69 /* PBXTargetDependency */ = {
			isa = PBXTargetDependency;
			target = 4709FDC21FEC0B590036DA69 /* localAPIParsingDemo */;
			targetProxy = 4709FDE31FEC0B590036DA69 /* PBXContainerItemProxy */;
		};
/* End PBXTargetDependency section */

/* Begin PBXVariantGroup section */
		4709FDCA1FEC0B590036DA69 /* Main.storyboard */ = {
			isa = PBXVariantGroup;
			children = (
				4709FDCB1FEC0B590036DA69 /* Base */,
			);
			name = Main.storyboard;
			sourceTree = "<group>";
		};
		4709FDCF1FEC0B590036DA69 /* LaunchScreen.storyboard */ = {
			isa = PBXVariantGroup;
			children = (
				4709FDD01FEC0B590036DA69 /* Base */,
			);
			name = LaunchScreen.storyboard;
			sourceTree = "<group>";
		};
/* End PBXVariantGroup section */

/* Begin XCBuildConfiguration section */
		4709FDE91FEC0B5A0036DA69 /* Debug */ = {
			isa = XCBuildConfiguration;
			buildSettings = {
				ALWAYS_SEARCH_USER_PATHS = NO;
				CLANG_ANALYZER_NONNULL = YES;
				CLANG_CXX_LANGUAGE_STANDARD = "gnu++0x";
				CLANG_CXX_LIBRARY = "libc++";
				CLANG_ENABLE_MODULES = YES;
				CLANG_ENABLE_OBJC_ARC = YES;
				CLANG_WARN_BOOL_CONVERSION = YES;
				CLANG_WARN_CONSTANT_CONVERSION = YES;
				CLANG_WARN_DIRECT_OBJC_ISA_USAGE = YES_ERROR;
				CLANG_WARN_DOCUMENTATION_COMMENTS = YES;
				CLANG_WARN_EMPTY_BODY = YES;
				CLANG_WARN_ENUM_CONVERSION = YES;
				CLANG_WARN_INFINITE_RECURSION = YES;
				CLANG_WARN_INT_CONVERSION = YES;
				CLANG_WARN_OBJC_ROOT_CLASS = YES_ERROR;
				CLANG_WARN_SUSPICIOUS_MOVE = YES;
				CLANG_WARN_UNREACHABLE_CODE = YES;
				CLANG_WARN__DUPLICATE_METHOD_MATCH = YES;
				"CODE_SIGN_IDENTITY[sdk=iphoneos*]" = "iPhone Developer";
				COPY_PHASE_STRIP = NO;
				DEBUG_INFORMATION_FORMAT = dwarf;
				ENABLE_STRICT_OBJC_MSGSEND = YES;
				ENABLE_TESTABILITY = YES;
				GCC_C_LANGUAGE_STANDARD = gnu99;
				GCC_DYNAMIC_NO_PIC = NO;
				GCC_NO_COMMON_BLOCKS = YES;
				GCC_OPTIMIZATION_LEVEL = 0;
				GCC_PREPROCESSOR_DEFINITIONS = (
					"DEBUG=1",
					"$(inherited)",
				);
				GCC_WARN_64_TO_32_BIT_CONVERSION = YES;
				GCC_WARN_ABOUT_RETURN_TYPE = YES_ERROR;
				GCC_WARN_UNDECLARED_SELECTOR = YES;
				GCC_WARN_UNINITIALIZED_AUTOS = YES_AGGRESSIVE;
				GCC_WARN_UNUSED_FUNCTION = YES;
				GCC_WARN_UNUSED_VARIABLE = YES;
				IPHONEOS_DEPLOYMENT_TARGET = 10.2;
				MTL_ENABLE_DEBUG_INFO = YES;
				ONLY_ACTIVE_ARCH = YES;
				SDKROOT = iphoneos;
				SWIFT_ACTIVE_COMPILATION_CONDITIONS = DEBUG;
				SWIFT_OPTIMIZATION_LEVEL = "-Onone";
				TARGETED_DEVICE_FAMILY = "1,2";
			};
			name = Debug;
		};
		4709FDEA1FEC0B5A0036DA69 /* Release */ = {
			isa = XCBuildConfiguration;
			buildSettings = {
				ALWAYS_SEARCH_USER_PATHS = NO;
				CLANG_ANALYZER_NONNULL = YES;
				CLANG_CXX_LANGUAGE_STANDARD = "gnu++0x";
				CLANG_CXX_LIBRARY = "libc++";
				CLANG_ENABLE_MODULES = YES;
				CLANG_ENABLE_OBJC_ARC = YES;
				CLANG_WARN_BOOL_CONVERSION = YES;
				CLANG_WARN_CONSTANT_CONVERSION = YES;
				CLANG_WARN_DIRECT_OBJC_ISA_USAGE = YES_ERROR;
				CLANG_WARN_DOCUMENTATION_COMMENTS = YES;
				CLANG_WARN_EMPTY_BODY = YES;
				CLANG_WARN_ENUM_CONVERSION = YES;
				CLANG_WARN_INFINITE_RECURSION = YES;
				CLANG_WARN_INT_CONVERSION = YES;
				CLANG_WARN_OBJC_ROOT_CLASS = YES_ERROR;
				CLANG_WARN_SUSPICIOUS_MOVE = YES;
				CLANG_WARN_UNREACHABLE_CODE = YES;
				CLANG_WARN__DUPLICATE_METHOD_MATCH = YES;
				"CODE_SIGN_IDENTITY[sdk=iphoneos*]" = "iPhone Developer";
				COPY_PHASE_STRIP = NO;
				DEBUG_INFORMATION_FORMAT = "dwarf-with-dsym";
				ENABLE_NS_ASSERTIONS = NO;
				ENABLE_STRICT_OBJC_MSGSEND = YES;
				GCC_C_LANGUAGE_STANDARD = gnu99;
				GCC_NO_COMMON_BLOCKS = YES;
				GCC_WARN_64_TO_32_BIT_CONVERSION = YES;
				GCC_WARN_ABOUT_RETURN_TYPE = YES_ERROR;
				GCC_WARN_UNDECLARED_SELECTOR = YES;
				GCC_WARN_UNINITIALIZED_AUTOS = YES_AGGRESSIVE;
				GCC_WARN_UNUSED_FUNCTION = YES;
				GCC_WARN_UNUSED_VARIABLE = YES;
				IPHONEOS_DEPLOYMENT_TARGET = 10.2;
				MTL_ENABLE_DEBUG_INFO = NO;
				SDKROOT = iphoneos;
				SWIFT_OPTIMIZATION_LEVEL = "-Owholemodule";
				TARGETED_DEVICE_FAMILY = "1,2";
				VALIDATE_PRODUCT = YES;
			};
			name = Release;
		};
		4709FDEC1FEC0B5A0036DA69 /* Debug */ = {
			isa = XCBuildConfiguration;
			buildSettings = {
				ASSETCATALOG_COMPILER_APPICON_NAME = AppIcon;
				INFOPLIST_FILE = localAPIParsingDemo/Info.plist;
				LD_RUNPATH_SEARCH_PATHS = "$(inherited) @executable_path/Frameworks";
				PRODUCT_BUNDLE_IDENTIFIER = Asmi.localAPIParsingDemo;
				PRODUCT_NAME = "$(TARGET_NAME)";
				SWIFT_VERSION = 3.0;
			};
			name = Debug;
		};
		4709FDED1FEC0B5A0036DA69 /* Release */ = {
			isa = XCBuildConfiguration;
			buildSettings = {
				ASSETCATALOG_COMPILER_APPICON_NAME = AppIcon;
				INFOPLIST_FILE = localAPIParsingDemo/Info.plist;
				LD_RUNPATH_SEARCH_PATHS = "$(inherited) @executable_path/Frameworks";
				PRODUCT_BUNDLE_IDENTIFIER = Asmi.localAPIParsingDemo;
				PRODUCT_NAME = "$(TARGET_NAME)";
				SWIFT_VERSION = 3.0;
			};
			name = Release;
		};
		4709FDEF1FEC0B5A0036DA69 /* Debug */ = {
			isa = XCBuildConfiguration;
			buildSettings = {
				ALWAYS_EMBED_SWIFT_STANDARD_LIBRARIES = YES;
				BUNDLE_LOADER = "$(TEST_HOST)";
				INFOPLIST_FILE = localAPIParsingDemoTests/Info.plist;
				LD_RUNPATH_SEARCH_PATHS = "$(inherited) @executable_path/Frameworks @loader_path/Frameworks";
				PRODUCT_BUNDLE_IDENTIFIER = Asmi.localAPIParsingDemoTests;
				PRODUCT_NAME = "$(TARGET_NAME)";
				SWIFT_VERSION = 3.0;
				TEST_HOST = "$(BUILT_PRODUCTS_DIR)/localAPIParsingDemo.app/localAPIParsingDemo";
			};
			name = Debug;
		};
		4709FDF01FEC0B5A0036DA69 /* Release */ = {
			isa = XCBuildConfiguration;
			buildSettings = {
				ALWAYS_EMBED_SWIFT_STANDARD_LIBRARIES = YES;
				BUNDLE_LOADER = "$(TEST_HOST)";
				INFOPLIST_FILE = localAPIParsingDemoTests/Info.plist;
				LD_RUNPATH_SEARCH_PATHS = "$(inherited) @executable_path/Frameworks @loader_path/Frameworks";
				PRODUCT_BUNDLE_IDENTIFIER = Asmi.localAPIParsingDemoTests;
				PRODUCT_NAME = "$(TARGET_NAME)";
				SWIFT_VERSION = 3.0;
				TEST_HOST = "$(BUILT_PRODUCTS_DIR)/localAPIParsingDemo.app/localAPIParsingDemo";
			};
			name = Release;
		};
		4709FDF21FEC0B5A0036DA69 /* Debug */ = {
			isa = XCBuildConfiguration;
			buildSettings = {
				ALWAYS_EMBED_SWIFT_STANDARD_LIBRARIES = YES;
				INFOPLIST_FILE = localAPIParsingDemoUITests/Info.plist;
				LD_RUNPATH_SEARCH_PATHS = "$(inherited) @executable_path/Frameworks @loader_path/Frameworks";
				PRODUCT_BUNDLE_IDENTIFIER = Asmi.localAPIParsingDemoUITests;
				PRODUCT_NAME = "$(TARGET_NAME)";
				SWIFT_VERSION = 3.0;
				TEST_TARGET_NAME = localAPIParsingDemo;
			};
			name = Debug;
		};
		4709FDF31FEC0B5A0036DA69 /* Release */ = {
			isa = XCBuildConfiguration;
			buildSettings = {
				ALWAYS_EMBED_SWIFT_STANDARD_LIBRARIES = YES;
				INFOPLIST_FILE = localAPIParsingDemoUITests/Info.plist;
				LD_RUNPATH_SEARCH_PATHS = "$(inherited) @executable_path/Frameworks @loader_path/Frameworks";
				PRODUCT_BUNDLE_IDENTIFIER = Asmi.localAPIParsingDemoUITests;
				PRODUCT_NAME = "$(TARGET_NAME)";
				SWIFT_VERSION = 3.0;
				TEST_TARGET_NAME = localAPIParsingDemo;
			};
			name = Release;
		};
/* End XCBuildConfiguration section */

/* Begin XCConfigurationList section */
		4709FDBE1FEC0B590036DA69 /* Build configuration list for PBXProject "localAPIParsingDemo" */ = {
			isa = XCConfigurationList;
			buildConfigurations = (
				4709FDE91FEC0B5A0036DA69 /* Debug */,
				4709FDEA1FEC0B5A0036DA69 /* Release */,
			);
			defaultConfigurationIsVisible = 0;
			defaultConfigurationName = Release;
		};
		4709FDEB1FEC0B5A0036DA69 /* Build configuration list for PBXNativeTarget "localAPIParsingDemo" */ = {
			isa = XCConfigurationList;
			buildConfigurations = (
				4709FDEC1FEC0B5A0036DA69 /* Debug */,
				4709FDED1FEC0B5A0036DA69 /* Release */,
			);
			defaultConfigurationIsVisible = 0;
			defaultConfigurationName = Release;
		};
		4709FDEE1FEC0B5A0036DA69 /* Build configuration list for PBXNativeTarget "localAPIParsingDemoTests" */ = {
			isa = XCConfigurationList;
			buildConfigurations = (
				4709FDEF1FEC0B5A0036DA69 /* Debug */,
				4709FDF01FEC0B5A0036DA69 /* Release */,
			);
			defaultConfigurationIsVisible = 0;
			defaultConfigurationName = Release;
		};
		4709FDF11FEC0B5A0036DA69 /* Build configuration list for PBXNativeTarget "localAPIParsingDemoUITests" */ = {
			isa = XCConfigurationList;
			buildConfigurations = (
				4709FDF21FEC0B5A0036DA69 /* Debug */,
				4709FDF31FEC0B5A0036DA69 /* Release */,
			);
			defaultConfigurationIsVisible = 0;
			defaultConfigurationName = Release;
		};
/* End XCConfigurationList section */
	};
	rootObject = 4709FDBB1FEC0B590036DA69 /* Project object */;
}
